
Microsoft Visual Studio Solution File, Format Version 12.00
Project("{FAE04EC0-301F-11D3-BF4B-00C04F79EFBC}") = "ResDiaryChallenge.ConsoleApp", "ResDiaryChallenge.ConsoleApp\ResDiaryChallenge.ConsoleApp.csproj", "{166E97FD-FB97-4CB4-AD51-9D5108D14FB5}"
EndProject
Project("{FAE04EC0-301F-11D3-BF4B-00C04F79EFBC}") = "ResDiaryChallenge", "ResDiaryChallenge\ResDiaryChallenge.csproj", "{2001E820-DA08-4168-8E88-6A2B3363E6DA}"
EndProject
Project("{FAE04EC0-301F-11D3-BF4B-00C04F79EFBC}") = "ResDiaryChallenge.Tests", "ResDiaryChallenge.Tests\ResDiaryChallenge.Tests.csproj", "{1A9FF7BF-A9A3-4D8C-8A6B-1DBF2713D9F3}"
EndProject
Global
	GlobalSection(SolutionConfigurationPlatforms) = preSolution
		Debug|Any CPU = Debug|Any CPU
		Release|Any CPU = Release|Any CPU
	EndGlobalSection
	GlobalSection(ProjectConfigurationPlatforms) = postSolution
		{166E97FD-FB97-4CB4-AD51-9D5108D14FB5}.Debug|Any CPU.ActiveCfg = Debug|Any CPU
		{166E97FD-FB97-4CB4-AD51-9D5108D14FB5}.Debug|Any CPU.Build.0 = Debug|Any CPU
		{166E97FD-FB97-4CB4-AD51-9D5108D14FB5}.Release|Any CPU.ActiveCfg = Release|Any CPU
		{166E97FD-FB97-4CB4-AD51-9D5108D14FB5}.Release|Any CPU.Build.0 = Release|Any CPU
		{2001E820-DA08-4168-8E88-6A2B3363E6DA}.Debug|Any CPU.ActiveCfg = Debug|Any CPU
		{2001E820-DA08-4168-8E88-6A2B3363E6DA}.Debug|Any CPU.Build.0 = Debug|Any CPU
		{2001E820-DA08-4168-8E88-6A2B3363E6DA}.Release|Any CPU.ActiveCfg = Release|Any CPU
		{2001E820-DA08-4168-8E88-6A2B3363E6DA}.Release|Any CPU.Build.0 = Release|Any CPU
		{1A9FF7BF-A9A3-4D8C-8A6B-1DBF2713D9F3}.Debug|Any CPU.ActiveCfg = Debug|Any CPU
		{1A9FF7BF-A9A3-4D8C-8A6B-1DBF2713D9F3}.Debug|Any CPU.Build.0 = Debug|Any CPU
		{1A9FF7BF-A9A3-4D8C-8A6B-1DBF2713D9F3}.Release|Any CPU.ActiveCfg = Release|Any CPU
		{1A9FF7BF-A9A3-4D8C-8A6B-1DBF2713D9F3}.Release|Any CPU.Build.0 = Release|Any CPU
	EndGlobalSection
EndGlobal
